<?xml version="1.0" encoding="utf-8"?>
<Project ToolsVersion="4.0" xmlns="http://schemas.microsoft.com/developer/msbuild/2003">
  <ItemGroup>
    <Filter Include="Quelldateien">
      <UniqueIdentifier>{4FC737F1-C7A5-4376-A066-2A32D752A2FF}</UniqueIdentifier>
      <Extensions>cpp;c;cc;cxx;def;odl;idl;hpj;bat;asm;asmx</Extensions>
    </Filter>
    <Filter Include="Headerdateien">
      <UniqueIdentifier>{93995380-89BD-4b04-88EB-625FBE52EBFB}</UniqueIdentifier>
      <Extensions>h;hh;hpp;hxx;hm;inl;inc;ipp;xsd</Extensions>
    </Filter>
    <Filter Include="Ressourcendateien">
      <UniqueIdentifier>{67DA6AB6-F800-4c08-8B7A-83BB121AAD01}</UniqueIdentifier>
      <Extensions>rc;ico;cur;bmp;dlg;rc2;rct;bin;rgs;gif;jpg;jpeg;jpe;resx;tiff;tif;png;wav;mfcribbon-ms</Extensions>
    </Filter>
  </ItemGroup>
  <ItemGroup>
    <ClCompile Include="main.cpp">
      <Filter>Quelldateien</Filter>
    </ClCompile>
    <ClCompile Include="Window.cpp">
      <Filter>Quelldateien</Filter>
    </ClCompile>
    <ClCompile Include="Engine.cpp">
      <Filter>Quelldateien</Filter>
    </ClCompile>
    <ClCompile Include="VulkanDevice.cpp">
      <Filter>Quelldateien</Filter>
    </ClCompile>
    <ClCompile Include="Queue.cpp">
      <Filter>Quelldateien</Filter>
    </ClCompile>
    <ClCompile Include="Game.cpp">
      <Filter>Quelldateien</Filter>
    </ClCompile>
    <ClCompile Include="Pipeline.cpp">
      <Filter>Quelldateien</Filter>
    </ClCompile>
    <ClCompile Include="Shader.cpp">
      <Filter>Quelldateien</Filter>
    </ClCompile>
    <ClCompile Include="RenderPass.cpp">
      <Filter>Quelldateien</Filter>
    </ClCompile>
    <ClCompile Include="Renderer.cpp">
      <Filter>Quelldateien</Filter>
    </ClCompile>
    <ClCompile Include="Swapchain.cpp">
      <Filter>Quelldateien</Filter>
    </ClCompile>
    <ClCompile Include="ImageView.cpp">
      <Filter>Quelldateien</Filter>
    </ClCompile>
    <ClCompile Include="Image.cpp">
      <Filter>Quelldateien</Filter>
    </ClCompile>
    <ClCompile Include="Texture.cpp">
      <Filter>Quelldateien</Filter>
    </ClCompile>
    <ClCompile Include="CommandBuffer.cpp">
      <Filter>Quelldateien</Filter>
    </ClCompile>
    <ClCompile Include="CommandPool.cpp">
      <Filter>Quelldateien</Filter>
    </ClCompile>
    <ClCompile Include="DescriptorPool.cpp">
      <Filter>Quelldateien</Filter>
    </ClCompile>
    <ClCompile Include="Descriptor.cpp">
      <Filter>Quelldateien</Filter>
    </ClCompile>
    <ClCompile Include="Buffer.cpp">
      <Filter>Quelldateien</Filter>
    </ClCompile>
    <ClCompile Include="Handler\HandlerBase.cpp">
      <Filter>Quelldateien</Filter>
    </ClCompile>
    <ClCompile Include="GameRoot.cpp">
      <Filter>Quelldateien</Filter>
    </ClCompile>
    <ClCompile Include="Modules\ModuleBase.cpp">
      <Filter>Quelldateien</Filter>
    </ClCompile>
    <ClCompile Include="Handler\HandlerGeometry.cpp">
      <Filter>Quelldateien</Filter>
    </ClCompile>
    <ClCompile Include="Modules\ModuleGeometry.cpp">
      <Filter>Quelldateien</Filter>
    </ClCompile>
    <ClCompile Include="GeoCube.cpp">
      <Filter>Quelldateien</Filter>
    </ClCompile>
    <ClCompile Include="Handler\HandlerTransformation.cpp">
      <Filter>Quelldateien</Filter>
    </ClCompile>
    <ClCompile Include="Modules\ModuleTransformation.cpp">
      <Filter>Quelldateien</Filter>
    </ClCompile>
    <ClCompile Include="GameObjekt.cpp">
      <Filter>Quelldateien</Filter>
    </ClCompile>
    <ClCompile Include="Handler\HandlerGameobject.cpp">
      <Filter>Quelldateien</Filter>
    </ClCompile>
    <ClCompile Include="Camera.cpp">
      <Filter>Quelldateien</Filter>
    </ClCompile>
    <ClCompile Include="Handler\HandlerCamera.cpp">
      <Filter>Quelldateien</Filter>
    </ClCompile>
    <ClCompile Include="Scene.cpp">
      <Filter>Quelldateien</Filter>
    </ClCompile>
    <ClCompile Include="Handler\HandlerScene.cpp">
      <Filter>Quelldateien</Filter>
    </ClCompile>
    <ClCompile Include="Texture2D.cpp">
      <Filter>Quelldateien</Filter>
    </ClCompile>
    <ClCompile Include="Handler\HandlerTexture.cpp">
      <Filter>Quelldateien</Filter>
    </ClCompile>
    <ClCompile Include="TextureCubemap.cpp">
      <Filter>Quelldateien</Filter>
    </ClCompile>
    <ClCompile Include="Sampler.cpp">
      <Filter>Quelldateien</Filter>
    </ClCompile>
    <ClCompile Include="Handler\HandlerEvent.cpp">
      <Filter>Quelldateien</Filter>
    </ClCompile>
    <ClCompile Include="Handler\HandlerInput.cpp">
      <Filter>Quelldateien</Filter>
    </ClCompile>
    <ClCompile Include="input\InputBase.cpp">
      <Filter>Quelldateien</Filter>
    </ClCompile>
    <ClCompile Include="input\InputKeyboard.cpp">
      <Filter>Quelldateien</Filter>
    </ClCompile>
    <ClCompile Include="input\InputMouse.cpp">
      <Filter>Quelldateien</Filter>
    </ClCompile>
    <ClCompile Include="Handler\HandlerSkybox.cpp">
      <Filter>Quelldateien</Filter>
    </ClCompile>
    <ClCompile Include="Skybox.cpp">
      <Filter>Quelldateien</Filter>
    </ClCompile>
    <ClCompile Include="PipelineSkybox.cpp">
      <Filter>Quelldateien</Filter>
    </ClCompile>
    <ClCompile Include="GeoWavefront.cpp">
      <Filter>Quelldateien</Filter>
    </ClCompile>
    <ClCompile Include="Modules\ModulePortal.cpp">
      <Filter>Quelldateien</Filter>
    </ClCompile>
    <ClCompile Include="Handler\HandlerPortal.cpp">
      <Filter>Quelldateien</Filter>
    </ClCompile>
    <ClCompile Include="GeoPlane.cpp">
      <Filter>Quelldateien</Filter>
    </ClCompile>
    <ClCompile Include="Handler\HandlerMaterial.cpp">
      <Filter>Quelldateien</Filter>
    </ClCompile>
    <ClCompile Include="Modules\ModuleMaterial.cpp">
      <Filter>Quelldateien</Filter>
    </ClCompile>
    <ClCompile Include="Handler\HandlerSceneNode.cpp">
      <Filter>Quelldateien</Filter>
    </ClCompile>
    <ClCompile Include="SceneNode.cpp">
      <Filter>Quelldateien</Filter>
    </ClCompile>
    <ClCompile Include="PipelineDepth.cpp">
      <Filter>Quelldateien</Filter>
    </ClCompile>
    <ClCompile Include="demos\DemoBlueUniverse.cpp">
      <Filter>Quelldateien</Filter>
    </ClCompile>
    <ClCompile Include="demos\DemoBlue.cpp">
      <Filter>Quelldateien</Filter>
    </ClCompile>
    <ClCompile Include="demos\DemoMaterial.cpp">
      <Filter>Quelldateien</Filter>
    </ClCompile>
    <ClCompile Include="demos\DemoBase.cpp">
      <Filter>Quelldateien</Filter>
    </ClCompile>
  </ItemGroup>
  <ItemGroup>
    <ClInclude Include="defintions.hpp">
      <Filter>Quelldateien</Filter>
    </ClInclude>
    <ClInclude Include="Window.hpp">
      <Filter>Headerdateien</Filter>
    </ClInclude>
    <ClInclude Include="Engine.hpp">
      <Filter>Headerdateien</Filter>
    </ClInclude>
    <ClInclude Include="VulkanDevice.hpp">
      <Filter>Headerdateien</Filter>
    </ClInclude>
    <ClInclude Include="Queue.hpp">
      <Filter>Headerdateien</Filter>
    </ClInclude>
    <ClInclude Include="Game.hpp">
      <Filter>Headerdateien</Filter>
    </ClInclude>
    <ClInclude Include="Pipeline.hpp">
      <Filter>Headerdateien</Filter>
    </ClInclude>
    <ClInclude Include="Shader.hpp">
      <Filter>Headerdateien</Filter>
    </ClInclude>
    <ClInclude Include="RenderPass.hpp">
      <Filter>Headerdateien</Filter>
    </ClInclude>
    <ClInclude Include="Renderer.hpp">
      <Filter>Headerdateien</Filter>
    </ClInclude>
    <ClInclude Include="Swapchain.hpp">
      <Filter>Headerdateien</Filter>
    </ClInclude>
    <ClInclude Include="ImageView.hpp">
      <Filter>Headerdateien</Filter>
    </ClInclude>
    <ClInclude Include="Image.hpp">
      <Filter>Headerdateien</Filter>
    </ClInclude>
    <ClInclude Include="Texture.hpp">
      <Filter>Headerdateien</Filter>
    </ClInclude>
    <ClInclude Include="CommandBuffer.hpp">
      <Filter>Headerdateien</Filter>
    </ClInclude>
    <ClInclude Include="CommandPool.hpp">
      <Filter>Headerdateien</Filter>
    </ClInclude>
    <ClInclude Include="DescriptorPool.hpp">
      <Filter>Headerdateien</Filter>
    </ClInclude>
    <ClInclude Include="Descriptor.hpp">
      <Filter>Headerdateien</Filter>
    </ClInclude>
    <ClInclude Include="Buffer.hpp">
      <Filter>Headerdateien</Filter>
    </ClInclude>
    <ClInclude Include="Handler\HandlerBase.hpp">
      <Filter>Headerdateien</Filter>
    </ClInclude>
    <ClInclude Include="GameRoot.hpp">
      <Filter>Headerdateien</Filter>
    </ClInclude>
    <ClInclude Include="Modules\ModuleBase.hpp">
      <Filter>Headerdateien</Filter>
    </ClInclude>
    <ClInclude Include="Modules\ModuleGeometry.hpp">
      <Filter>Headerdateien</Filter>
    </ClInclude>
    <ClInclude Include="Handler\HandlerGeometry.hpp">
      <Filter>Headerdateien</Filter>
    </ClInclude>
    <ClInclude Include="GeoCube.hpp">
      <Filter>Headerdateien</Filter>
    </ClInclude>
    <ClInclude Include="Handler\HandlerTransformation.hpp">
      <Filter>Headerdateien</Filter>
    </ClInclude>
    <ClInclude Include="Modules\ModuleTransformation.hpp">
      <Filter>Headerdateien</Filter>
    </ClInclude>
    <ClInclude Include="GameObjekt.hpp">
      <Filter>Headerdateien</Filter>
    </ClInclude>
    <ClInclude Include="Handler\HandlerGameobject.hpp">
      <Filter>Headerdateien</Filter>
    </ClInclude>
    <ClInclude Include="Camera.hpp">
      <Filter>Headerdateien</Filter>
    </ClInclude>
    <ClInclude Include="Handler\HandlerCamera.hpp">
      <Filter>Headerdateien</Filter>
    </ClInclude>
    <ClInclude Include="Scene.hpp">
      <Filter>Headerdateien</Filter>
    </ClInclude>
    <ClInclude Include="Handler\HandlerScene.hpp">
      <Filter>Headerdateien</Filter>
    </ClInclude>
    <ClInclude Include="Texture2D.hpp">
      <Filter>Headerdateien</Filter>
    </ClInclude>
    <ClInclude Include="Handler\HandlerTexture.hpp">
      <Filter>Headerdateien</Filter>
    </ClInclude>
    <ClInclude Include="TextureCubemap.hpp">
      <Filter>Headerdateien</Filter>
    </ClInclude>
    <ClInclude Include="Sampler.hpp">
      <Filter>Headerdateien</Filter>
    </ClInclude>
    <ClInclude Include="Handler\HandlerEvent.hpp">
      <Filter>Headerdateien</Filter>
    </ClInclude>
    <ClInclude Include="Handler\HandlerInput.hpp">
      <Filter>Headerdateien</Filter>
    </ClInclude>
    <ClInclude Include="input\InputBase.hpp">
      <Filter>Headerdateien</Filter>
    </ClInclude>
    <ClInclude Include="input\InputKeyboard.hpp">
      <Filter>Headerdateien</Filter>
    </ClInclude>
    <ClInclude Include="input\InputMouse.hpp">
      <Filter>Headerdateien</Filter>
    </ClInclude>
    <ClInclude Include="Handler\HandlerSkybox.hpp">
      <Filter>Headerdateien</Filter>
    </ClInclude>
    <ClInclude Include="Skybox.hpp">
      <Filter>Headerdateien</Filter>
    </ClInclude>
    <ClInclude Include="PipelineSkybox.hpp">
      <Filter>Headerdateien</Filter>
    </ClInclude>
    <ClInclude Include="GeoWavefront.hpp">
      <Filter>Headerdateien</Filter>
    </ClInclude>
    <ClInclude Include="Modules\ModulePortal.hpp">
      <Filter>Headerdateien</Filter>
    </ClInclude>
    <ClInclude Include="Handler\HandlerPortal.hpp">
      <Filter>Headerdateien</Filter>
    </ClInclude>
    <ClInclude Include="GeoPlane.hpp">
      <Filter>Headerdateien</Filter>
    </ClInclude>
    <ClInclude Include="Handler\HandlerMaterial.hpp">
      <Filter>Headerdateien</Filter>
    </ClInclude>
    <ClInclude Include="Modules\ModuleMaterial.hpp">
      <Filter>Headerdateien</Filter>
    </ClInclude>
    <ClInclude Include="Handler\HandlerSceneNode.hpp">
      <Filter>Headerdateien</Filter>
    </ClInclude>
    <ClInclude Include="SceneNode.hpp">
      <Filter>Headerdateien</Filter>
    </ClInclude>
    <ClInclude Include="PipelineDepth.hpp">
      <Filter>Headerdateien</Filter>
    </ClInclude>
    <ClInclude Include="demos\DemoBlueUniverse.hpp">
      <Filter>Headerdateien</Filter>
    </ClInclude>
    <ClInclude Include="demos\DemoBlue.hpp">
      <Filter>Headerdateien</Filter>
    </ClInclude>
    <ClInclude Include="demos\DemoMaterial.hpp">
      <Filter>Headerdateien</Filter>
    </ClInclude>
    <ClInclude Include="demos\DemoBase.hpp">
      <Filter>Headerdateien</Filter>
    </ClInclude>
  </ItemGroup>
</Project>